
Microsoft Visual Studio Solution File, Format Version 12.00
# Visual Studio Version 17
VisualStudioVersion = 17.0.31903.59
MinimumVisualStudioVersion = 10.0.40219.1
Project("{FAE04EC0-301F-11D3-BF4B-00C04F79EFBC}") = "proyecto1", "proyecto1\proyecto1.csproj", "{2E1414CF-E2BD-44A1-BC35-8F0DC4674CB9}"
EndProject
Global
	GlobalSection(SolutionConfigurationPlatforms) = preSolution
		Debug|Any CPU = Debug|Any CPU
		Release|Any CPU = Release|Any CPU
	EndGlobalSection
	GlobalSection(SolutionProperties) = preSolution
		HideSolutionNode = FALSE
	EndGlobalSection
	GlobalSection(ProjectConfigurationPlatforms) = postSolution
		{2E1414CF-E2BD-44A1-BC35-8F0DC4674CB9}.Debug|Any CPU.ActiveCfg = Debug|Any CPU
		{2E1414CF-E2BD-44A1-BC35-8F0DC4674CB9}.Debug|Any CPU.Build.0 = Debug|Any CPU
		{2E1414CF-E2BD-44A1-BC35-8F0DC4674CB9}.Release|Any CPU.ActiveCfg = Release|Any CPU
		{2E1414CF-E2BD-44A1-BC35-8F0DC4674CB9}.Release|Any CPU.Build.0 = Release|Any CPU
	EndGlobalSection
EndGlobal
